// !$*UTF8*$!
{
	archiveVersion = 1;
	classes = {
	};
	objectVersion = 56;
	objects = {

/* Begin PBXBuildFile section */
		C9123BC92913C415007E6EB3 /* BasketScreenViewController.swift in Sources */ = {isa = PBXBuildFile; fileRef = C9123BC82913C415007E6EB3 /* BasketScreenViewController.swift */; };
		C9123BCB2913C5F5007E6EB3 /* BasketScreenView.swift in Sources */ = {isa = PBXBuildFile; fileRef = C9123BCA2913C5F5007E6EB3 /* BasketScreenView.swift */; };
		C9123BCE2913D71A007E6EB3 /* BasketTableViewCustomCell.swift in Sources */ = {isa = PBXBuildFile; fileRef = C9123BCD2913D71A007E6EB3 /* BasketTableViewCustomCell.swift */; };
		C9123BD029143CF1007E6EB3 /* BasketScreenViewModel.swift in Sources */ = {isa = PBXBuildFile; fileRef = C9123BCF29143CF1007E6EB3 /* BasketScreenViewModel.swift */; };
		C9123BD229145B0B007E6EB3 /* CustomUIButton.swift in Sources */ = {isa = PBXBuildFile; fileRef = C9123BD129145B0B007E6EB3 /* CustomUIButton.swift */; };
		C91D098D2915103700ACFA46 /* SearchScreenViewController.swift in Sources */ = {isa = PBXBuildFile; fileRef = C91D098C2915103700ACFA46 /* SearchScreenViewController.swift */; };
		C91D098F2915106500ACFA46 /* SearchScreenView.swift in Sources */ = {isa = PBXBuildFile; fileRef = C91D098E2915106500ACFA46 /* SearchScreenView.swift */; };
		C91D099229151CE900ACFA46 /* SearchScreenTableViewCustomCell.swift in Sources */ = {isa = PBXBuildFile; fileRef = C91D099129151CE900ACFA46 /* SearchScreenTableViewCustomCell.swift */; };
		C91D09942915304500ACFA46 /* SearchScreenViewModel.swift in Sources */ = {isa = PBXBuildFile; fileRef = C91D09932915304500ACFA46 /* SearchScreenViewModel.swift */; };
		C91D09962915A2AB00ACFA46 /* UIStackView+RemoveArrangedSubviews.swift in Sources */ = {isa = PBXBuildFile; fileRef = C91D09952915A2AB00ACFA46 /* UIStackView+RemoveArrangedSubviews.swift */; };
		C91D09982915A40600ACFA46 /* String+Substring.swift in Sources */ = {isa = PBXBuildFile; fileRef = C91D09972915A40600ACFA46 /* String+Substring.swift */; };
		C91D099E2915B79400ACFA46 /* OnBoardingViewController.swift in Sources */ = {isa = PBXBuildFile; fileRef = C91D099D2915B79400ACFA46 /* OnBoardingViewController.swift */; };
		C91D09A42915C38600ACFA46 /* ScrollableViewWithPageControl.swift in Sources */ = {isa = PBXBuildFile; fileRef = C91D09A32915C38600ACFA46 /* ScrollableViewWithPageControl.swift */; };
		C928878B2916F27800A5F94D /* UIView+GradientView.swift in Sources */ = {isa = PBXBuildFile; fileRef = C928878A2916F27800A5F94D /* UIView+GradientView.swift */; };
		C92887922916F85C00A5F94D /* FirebaseFirestoreSwift in Frameworks */ = {isa = PBXBuildFile; productRef = C92887912916F85C00A5F94D /* FirebaseFirestoreSwift */; };
		C92887942916F88400A5F94D /* FirebaseAuth in Frameworks */ = {isa = PBXBuildFile; productRef = C92887932916F88400A5F94D /* FirebaseAuth */; };
		C92887962916F88D00A5F94D /* Moya in Frameworks */ = {isa = PBXBuildFile; productRef = C92887952916F88D00A5F94D /* Moya */; };
		C92887982917088500A5F94D /* FakeStoreApiManagement.swift in Sources */ = {isa = PBXBuildFile; fileRef = C92887972917088500A5F94D /* FakeStoreApiManagement.swift */; };
		C959EF8F290B1A9C00D717C3 /* SignInView.swift in Sources */ = {isa = PBXBuildFile; fileRef = C959EF8E290B1A9C00D717C3 /* SignInView.swift */; };
		C959EF91290B1BC100D717C3 /* SignUpView.swift in Sources */ = {isa = PBXBuildFile; fileRef = C959EF90290B1BC100D717C3 /* SignUpView.swift */; };
		C959EF93290B434900D717C3 /* ResetPasswordView.swift in Sources */ = {isa = PBXBuildFile; fileRef = C959EF92290B434900D717C3 /* ResetPasswordView.swift */; };
		C959EF95290B451300D717C3 /* ResetPasswordViewController.swift in Sources */ = {isa = PBXBuildFile; fileRef = C959EF94290B451300D717C3 /* ResetPasswordViewController.swift */; };
		C959EF97290B4DFF00D717C3 /* UIView+ButtonAnimation.swift in Sources */ = {isa = PBXBuildFile; fileRef = C959EF96290B4DFF00D717C3 /* UIView+ButtonAnimation.swift */; };
		C959EF99290BE1B100D717C3 /* UIButton+UnderlinedTitle.swift in Sources */ = {isa = PBXBuildFile; fileRef = C959EF98290BE1B100D717C3 /* UIButton+UnderlinedTitle.swift */; };
		C959EF9B290BFBC800D717C3 /* GoogleService-Info.plist in Resources */ = {isa = PBXBuildFile; fileRef = C959EF9A290BFBC800D717C3 /* GoogleService-Info.plist */; };
		C959EF9D290BFEE900D717C3 /* AuthenticationViewModel.swift in Sources */ = {isa = PBXBuildFile; fileRef = C959EF9C290BFEE900D717C3 /* AuthenticationViewModel.swift */; };
		C959EFA0290C135C00D717C3 /* AlertPresentable.swift in Sources */ = {isa = PBXBuildFile; fileRef = C959EF9F290C135C00D717C3 /* AlertPresentable.swift */; };
		C959EFB2290C51E300D717C3 /* UserProfile.swift in Sources */ = {isa = PBXBuildFile; fileRef = C959EFB1290C51E300D717C3 /* UserProfile.swift */; };
		C959EFB4290C722700D717C3 /* FirebaseFirestoreManagement.swift in Sources */ = {isa = PBXBuildFile; fileRef = C959EFB3290C722700D717C3 /* FirebaseFirestoreManagement.swift */; };
		C959EFBA290C7AFE00D717C3 /* FakeStoreApi.swift in Sources */ = {isa = PBXBuildFile; fileRef = C959EFB9290C7AFE00D717C3 /* FakeStoreApi.swift */; };
		C959EFBE290C7B5900D717C3 /* Product.swift in Sources */ = {isa = PBXBuildFile; fileRef = C959EFBD290C7B5900D717C3 /* Product.swift */; };
		C960C59329086DC200AD20E6 /* AppDelegate.swift in Sources */ = {isa = PBXBuildFile; fileRef = C960C59229086DC200AD20E6 /* AppDelegate.swift */; };
		C960C59529086DC200AD20E6 /* SceneDelegate.swift in Sources */ = {isa = PBXBuildFile; fileRef = C960C59429086DC200AD20E6 /* SceneDelegate.swift */; };
		C960C59729086DC200AD20E6 /* SplashScreenViewController.swift in Sources */ = {isa = PBXBuildFile; fileRef = C960C59629086DC200AD20E6 /* SplashScreenViewController.swift */; };
		C960C59C29086DC300AD20E6 /* Assets.xcassets in Resources */ = {isa = PBXBuildFile; fileRef = C960C59B29086DC300AD20E6 /* Assets.xcassets */; };
		C960C59F29086DC300AD20E6 /* LaunchScreen.storyboard in Resources */ = {isa = PBXBuildFile; fileRef = C960C59D29086DC300AD20E6 /* LaunchScreen.storyboard */; };
		C960C5AA29086DC300AD20E6 /* ShopeeTests.swift in Sources */ = {isa = PBXBuildFile; fileRef = C960C5A929086DC300AD20E6 /* ShopeeTests.swift */; };
		C960C5B429086DC300AD20E6 /* ShopeeUITests.swift in Sources */ = {isa = PBXBuildFile; fileRef = C960C5B329086DC300AD20E6 /* ShopeeUITests.swift */; };
		C960C5B629086DC300AD20E6 /* ShopeeUITestsLaunchTests.swift in Sources */ = {isa = PBXBuildFile; fileRef = C960C5B529086DC300AD20E6 /* ShopeeUITestsLaunchTests.swift */; };
		C960C5CC2908834400AD20E6 /* SplashScreenView.swift in Sources */ = {isa = PBXBuildFile; fileRef = C960C5CB2908834400AD20E6 /* SplashScreenView.swift */; };
		C960C5D929088BF800AD20E6 /* Moya in Frameworks */ = {isa = PBXBuildFile; productRef = C960C5D829088BF800AD20E6 /* Moya */; };
		C960C5DF29088C3300AD20E6 /* SnapKit in Frameworks */ = {isa = PBXBuildFile; productRef = C960C5DE29088C3300AD20E6 /* SnapKit */; };
		C960C5E229088C6100AD20E6 /* Kingfisher in Frameworks */ = {isa = PBXBuildFile; productRef = C960C5E129088C6100AD20E6 /* Kingfisher */; };
		C960C5E529088C7F00AD20E6 /* IQKeyboardManagerSwift in Frameworks */ = {isa = PBXBuildFile; productRef = C960C5E429088C7F00AD20E6 /* IQKeyboardManagerSwift */; };
		C9769DD1291308E900C46219 /* CartProduct.swift in Sources */ = {isa = PBXBuildFile; fileRef = C9769DD0291308E900C46219 /* CartProduct.swift */; };
		C98A5D83290E652600CB8175 /* Inter-Bold.ttf in Resources */ = {isa = PBXBuildFile; fileRef = C98A5D80290E652600CB8175 /* Inter-Bold.ttf */; };
		C98A5D84290E652600CB8175 /* Inter-Regular.ttf in Resources */ = {isa = PBXBuildFile; fileRef = C98A5D81290E652600CB8175 /* Inter-Regular.ttf */; };
		C98A5D85290E652600CB8175 /* Inter-ExtraBold.ttf in Resources */ = {isa = PBXBuildFile; fileRef = C98A5D82290E652600CB8175 /* Inter-ExtraBold.ttf */; };
		C98A5D87290E7FBA00CB8175 /* ProductScreenView.swift in Sources */ = {isa = PBXBuildFile; fileRef = C98A5D86290E7FBA00CB8175 /* ProductScreenView.swift */; };
		C98A5D8B290E834400CB8175 /* CGFloat+Extensions.swift in Sources */ = {isa = PBXBuildFile; fileRef = C98A5D8A290E834400CB8175 /* CGFloat+Extensions.swift */; };
		C98A5D8D290E83E800CB8175 /* ProductViewCell.swift in Sources */ = {isa = PBXBuildFile; fileRef = C98A5D8C290E83E800CB8175 /* ProductViewCell.swift */; };
		C98A5D8F290E8A0300CB8175 /* ProductScreenViewModel.swift in Sources */ = {isa = PBXBuildFile; fileRef = C98A5D8E290E8A0300CB8175 /* ProductScreenViewModel.swift */; };
		C98A5D91290E8AAB00CB8175 /* products.json in Resources */ = {isa = PBXBuildFile; fileRef = C98A5D90290E8AAB00CB8175 /* products.json */; };
		C98A5D94290E915900CB8175 /* KingfisherOperations.swift in Sources */ = {isa = PBXBuildFile; fileRef = C98A5D93290E915900CB8175 /* KingfisherOperations.swift */; };
		C98A5D96290E956B00CB8175 /* UIImage+Extensions.swift in Sources */ = {isa = PBXBuildFile; fileRef = C98A5D95290E956B00CB8175 /* UIImage+Extensions.swift */; };
		C98A5D99290EBAB300CB8175 /* Poppins-Regular.ttf in Resources */ = {isa = PBXBuildFile; fileRef = C98A5D97290EBAB200CB8175 /* Poppins-Regular.ttf */; };
		C98A5D9A290EBAB300CB8175 /* Poppins-Bold.ttf in Resources */ = {isa = PBXBuildFile; fileRef = C98A5D98290EBAB300CB8175 /* Poppins-Bold.ttf */; };
		C98AB1B92909BF4900BD917A /* FirebaseAuth in Frameworks */ = {isa = PBXBuildFile; productRef = C98AB1B82909BF4900BD917A /* FirebaseAuth */; };
		C98AB1BB2909BF4900BD917A /* FirebaseFirestoreSwift in Frameworks */ = {isa = PBXBuildFile; productRef = C98AB1BA2909BF4900BD917A /* FirebaseFirestoreSwift */; };
		C98AB1C62909C3BB00BD917A /* AuthenticationViewController.swift in Sources */ = {isa = PBXBuildFile; fileRef = C98AB1C52909C3BB00BD917A /* AuthenticationViewController.swift */; };
		C98AB1CA2909C41A00BD917A /* String+PasswordMailControlExtension.swift in Sources */ = {isa = PBXBuildFile; fileRef = C98AB1C92909C41A00BD917A /* String+PasswordMailControlExtension.swift */; };
		C98AB1CD2909C5D300BD917A /* FirebaseAuthentication.swift in Sources */ = {isa = PBXBuildFile; fileRef = C98AB1CC2909C5D300BD917A /* FirebaseAuthentication.swift */; };
		C98AB1CF2909C67900BD917A /* AuthenticaitionView.swift in Sources */ = {isa = PBXBuildFile; fileRef = C98AB1CE2909C67900BD917A /* AuthenticaitionView.swift */; };
		C98E599E290D81F50031E550 /* TabBarViewController.swift in Sources */ = {isa = PBXBuildFile; fileRef = C98E599D290D81F50031E550 /* TabBarViewController.swift */; };
		C98E59A2290D851A0031E550 /* ProductScreenViewController.swift in Sources */ = {isa = PBXBuildFile; fileRef = C98E59A1290D851A0031E550 /* ProductScreenViewController.swift */; };
		C9A0E0BE29116E9C00C35E33 /* ViewControllerPreview.swift in Sources */ = {isa = PBXBuildFile; fileRef = C9A0E0BD29116E9C00C35E33 /* ViewControllerPreview.swift */; };
		C9A0E0C52911737D00C35E33 /* ProductDetailsViewController.swift in Sources */ = {isa = PBXBuildFile; fileRef = C9A0E0C42911737D00C35E33 /* ProductDetailsViewController.swift */; };
		C9A0E0C72911744A00C35E33 /* ProductDetailsView.swift in Sources */ = {isa = PBXBuildFile; fileRef = C9A0E0C62911744A00C35E33 /* ProductDetailsView.swift */; };
		C9A0E0C92911AD8200C35E33 /* ScrollableLabel.swift in Sources */ = {isa = PBXBuildFile; fileRef = C9A0E0C82911AD8200C35E33 /* ScrollableLabel.swift */; };
		C9A0E0CB2911C42400C35E33 /* ProductDetailsViewModel.swift in Sources */ = {isa = PBXBuildFile; fileRef = C9A0E0CA2911C42400C35E33 /* ProductDetailsViewModel.swift */; };
		C9B54ADC29104090004CDA3D /* ProfilePageViewController.swift in Sources */ = {isa = PBXBuildFile; fileRef = C9B54ADB29104090004CDA3D /* ProfilePageViewController.swift */; };
		C9B54ADE291040E6004CDA3D /* ProfilePageView.swift in Sources */ = {isa = PBXBuildFile; fileRef = C9B54ADD291040E6004CDA3D /* ProfilePageView.swift */; };
		C9B54AE02910466B004CDA3D /* UIColor+Extensions.swift in Sources */ = {isa = PBXBuildFile; fileRef = C9B54ADF2910466B004CDA3D /* UIColor+Extensions.swift */; };
		C9B54AE2291046FF004CDA3D /* ProfilePageViewModel.swift in Sources */ = {isa = PBXBuildFile; fileRef = C9B54AE1291046FF004CDA3D /* ProfilePageViewModel.swift */; };
		C9B54AE4291066D5004CDA3D /* ProfilePageCustomButtonView.swift in Sources */ = {isa = PBXBuildFile; fileRef = C9B54AE3291066D5004CDA3D /* ProfilePageCustomButtonView.swift */; };
		C9EC01A72917E137004E28DA /* ImagePicker.swift in Sources */ = {isa = PBXBuildFile; fileRef = C9EC01A62917E137004E28DA /* ImagePicker.swift */; };
		C9EC01B429180C84004E28DA /* FirebaseStorage in Frameworks */ = {isa = PBXBuildFile; productRef = C9EC01B329180C84004E28DA /* FirebaseStorage */; };
		C9EC01B629180D9F004E28DA /* FirebaseStorage.swift in Sources */ = {isa = PBXBuildFile; fileRef = C9EC01B529180D9F004E28DA /* FirebaseStorage.swift */; };
		C9FFEF282917290000DCBE0E /* SettingsViewController.swift in Sources */ = {isa = PBXBuildFile; fileRef = C9FFEF272917290000DCBE0E /* SettingsViewController.swift */; };
		C9FFEF2F291729D700DCBE0E /* SettingsViewModel.swift in Sources */ = {isa = PBXBuildFile; fileRef = C9FFEF2E291729D700DCBE0E /* SettingsViewModel.swift */; };
		C9FFEF31291729EE00DCBE0E /* SettingsView.swift in Sources */ = {isa = PBXBuildFile; fileRef = C9FFEF30291729EE00DCBE0E /* SettingsView.swift */; };
/* End PBXBuildFile section */

/* Begin PBXContainerItemProxy section */
		C960C5A629086DC300AD20E6 /* PBXContainerItemProxy */ = {
			isa = PBXContainerItemProxy;
			containerPortal = C960C58729086DC200AD20E6 /* Project object */;
			proxyType = 1;
			remoteGlobalIDString = C960C58E29086DC200AD20E6;
			remoteInfo = Shopee;
		};
		C960C5B029086DC300AD20E6 /* PBXContainerItemProxy */ = {
			isa = PBXContainerItemProxy;
			containerPortal = C960C58729086DC200AD20E6 /* Project object */;
			proxyType = 1;
			remoteGlobalIDString = C960C58E29086DC200AD20E6;
			remoteInfo = Shopee;
		};
/* End PBXContainerItemProxy section */

/* Begin PBXFileReference section */
		C9123BC82913C415007E6EB3 /* BasketScreenViewController.swift */ = {isa = PBXFileReference; lastKnownFileType = sourcecode.swift; path = BasketScreenViewController.swift; sourceTree = "<group>"; };
		C9123BCA2913C5F5007E6EB3 /* BasketScreenView.swift */ = {isa = PBXFileReference; lastKnownFileType = sourcecode.swift; path = BasketScreenView.swift; sourceTree = "<group>"; };
		C9123BCD2913D71A007E6EB3 /* BasketTableViewCustomCell.swift */ = {isa = PBXFileReference; lastKnownFileType = sourcecode.swift; path = BasketTableViewCustomCell.swift; sourceTree = "<group>"; };
		C9123BCF29143CF1007E6EB3 /* BasketScreenViewModel.swift */ = {isa = PBXFileReference; lastKnownFileType = sourcecode.swift; path = BasketScreenViewModel.swift; sourceTree = "<group>"; };
		C9123BD129145B0B007E6EB3 /* CustomUIButton.swift */ = {isa = PBXFileReference; lastKnownFileType = sourcecode.swift; path = CustomUIButton.swift; sourceTree = "<group>"; };
		C91D098C2915103700ACFA46 /* SearchScreenViewController.swift */ = {isa = PBXFileReference; lastKnownFileType = sourcecode.swift; path = SearchScreenViewController.swift; sourceTree = "<group>"; };
		C91D098E2915106500ACFA46 /* SearchScreenView.swift */ = {isa = PBXFileReference; lastKnownFileType = sourcecode.swift; path = SearchScreenView.swift; sourceTree = "<group>"; };
		C91D099129151CE900ACFA46 /* SearchScreenTableViewCustomCell.swift */ = {isa = PBXFileReference; lastKnownFileType = sourcecode.swift; path = SearchScreenTableViewCustomCell.swift; sourceTree = "<group>"; };
		C91D09932915304500ACFA46 /* SearchScreenViewModel.swift */ = {isa = PBXFileReference; lastKnownFileType = sourcecode.swift; path = SearchScreenViewModel.swift; sourceTree = "<group>"; };
		C91D09952915A2AB00ACFA46 /* UIStackView+RemoveArrangedSubviews.swift */ = {isa = PBXFileReference; lastKnownFileType = sourcecode.swift; path = "UIStackView+RemoveArrangedSubviews.swift"; sourceTree = "<group>"; };
		C91D09972915A40600ACFA46 /* String+Substring.swift */ = {isa = PBXFileReference; lastKnownFileType = sourcecode.swift; path = "String+Substring.swift"; sourceTree = "<group>"; };
		C91D099D2915B79400ACFA46 /* OnBoardingViewController.swift */ = {isa = PBXFileReference; lastKnownFileType = sourcecode.swift; path = OnBoardingViewController.swift; sourceTree = "<group>"; };
		C91D09A32915C38600ACFA46 /* ScrollableViewWithPageControl.swift */ = {isa = PBXFileReference; lastKnownFileType = sourcecode.swift; path = ScrollableViewWithPageControl.swift; sourceTree = "<group>"; };
		C928878A2916F27800A5F94D /* UIView+GradientView.swift */ = {isa = PBXFileReference; lastKnownFileType = sourcecode.swift; path = "UIView+GradientView.swift"; sourceTree = "<group>"; };
		C92887972917088500A5F94D /* FakeStoreApiManagement.swift */ = {isa = PBXFileReference; lastKnownFileType = sourcecode.swift; path = FakeStoreApiManagement.swift; sourceTree = "<group>"; };
		C959EF8E290B1A9C00D717C3 /* SignInView.swift */ = {isa = PBXFileReference; lastKnownFileType = sourcecode.swift; path = SignInView.swift; sourceTree = "<group>"; };
		C959EF90290B1BC100D717C3 /* SignUpView.swift */ = {isa = PBXFileReference; lastKnownFileType = sourcecode.swift; path = SignUpView.swift; sourceTree = "<group>"; };
		C959EF92290B434900D717C3 /* ResetPasswordView.swift */ = {isa = PBXFileReference; lastKnownFileType = sourcecode.swift; path = ResetPasswordView.swift; sourceTree = "<group>"; };
		C959EF94290B451300D717C3 /* ResetPasswordViewController.swift */ = {isa = PBXFileReference; lastKnownFileType = sourcecode.swift; path = ResetPasswordViewController.swift; sourceTree = "<group>"; };
		C959EF96290B4DFF00D717C3 /* UIView+ButtonAnimation.swift */ = {isa = PBXFileReference; lastKnownFileType = sourcecode.swift; path = "UIView+ButtonAnimation.swift"; sourceTree = "<group>"; };
		C959EF98290BE1B100D717C3 /* UIButton+UnderlinedTitle.swift */ = {isa = PBXFileReference; lastKnownFileType = sourcecode.swift; path = "UIButton+UnderlinedTitle.swift"; sourceTree = "<group>"; };
		C959EF9A290BFBC800D717C3 /* GoogleService-Info.plist */ = {isa = PBXFileReference; fileEncoding = 4; lastKnownFileType = text.plist.xml; path = "GoogleService-Info.plist"; sourceTree = "<group>"; };
		C959EF9C290BFEE900D717C3 /* AuthenticationViewModel.swift */ = {isa = PBXFileReference; lastKnownFileType = sourcecode.swift; path = AuthenticationViewModel.swift; sourceTree = "<group>"; };
		C959EF9F290C135C00D717C3 /* AlertPresentable.swift */ = {isa = PBXFileReference; lastKnownFileType = sourcecode.swift; path = AlertPresentable.swift; sourceTree = "<group>"; };
		C959EFB1290C51E300D717C3 /* UserProfile.swift */ = {isa = PBXFileReference; lastKnownFileType = sourcecode.swift; path = UserProfile.swift; sourceTree = "<group>"; };
		C959EFB3290C722700D717C3 /* FirebaseFirestoreManagement.swift */ = {isa = PBXFileReference; lastKnownFileType = sourcecode.swift; path = FirebaseFirestoreManagement.swift; sourceTree = "<group>"; };
		C959EFB9290C7AFE00D717C3 /* FakeStoreApi.swift */ = {isa = PBXFileReference; lastKnownFileType = sourcecode.swift; path = FakeStoreApi.swift; sourceTree = "<group>"; };
		C959EFBD290C7B5900D717C3 /* Product.swift */ = {isa = PBXFileReference; lastKnownFileType = sourcecode.swift; path = Product.swift; sourceTree = "<group>"; };
		C960C58F29086DC200AD20E6 /* Shopee.app */ = {isa = PBXFileReference; explicitFileType = wrapper.application; includeInIndex = 0; path = Shopee.app; sourceTree = BUILT_PRODUCTS_DIR; };
		C960C59229086DC200AD20E6 /* AppDelegate.swift */ = {isa = PBXFileReference; lastKnownFileType = sourcecode.swift; path = AppDelegate.swift; sourceTree = "<group>"; };
		C960C59429086DC200AD20E6 /* SceneDelegate.swift */ = {isa = PBXFileReference; lastKnownFileType = sourcecode.swift; path = SceneDelegate.swift; sourceTree = "<group>"; };
		C960C59629086DC200AD20E6 /* SplashScreenViewController.swift */ = {isa = PBXFileReference; lastKnownFileType = sourcecode.swift; path = SplashScreenViewController.swift; sourceTree = "<group>"; };
		C960C59B29086DC300AD20E6 /* Assets.xcassets */ = {isa = PBXFileReference; lastKnownFileType = folder.assetcatalog; path = Assets.xcassets; sourceTree = "<group>"; };
		C960C59E29086DC300AD20E6 /* Base */ = {isa = PBXFileReference; lastKnownFileType = file.storyboard; name = Base; path = Base.lproj/LaunchScreen.storyboard; sourceTree = "<group>"; };
		C960C5A029086DC300AD20E6 /* Info.plist */ = {isa = PBXFileReference; lastKnownFileType = text.plist.xml; path = Info.plist; sourceTree = "<group>"; };
		C960C5A529086DC300AD20E6 /* ShopeeTests.xctest */ = {isa = PBXFileReference; explicitFileType = wrapper.cfbundle; includeInIndex = 0; path = ShopeeTests.xctest; sourceTree = BUILT_PRODUCTS_DIR; };
		C960C5A929086DC300AD20E6 /* ShopeeTests.swift */ = {isa = PBXFileReference; lastKnownFileType = sourcecode.swift; path = ShopeeTests.swift; sourceTree = "<group>"; };
		C960C5AF29086DC300AD20E6 /* ShopeeUITests.xctest */ = {isa = PBXFileReference; explicitFileType = wrapper.cfbundle; includeInIndex = 0; path = ShopeeUITests.xctest; sourceTree = BUILT_PRODUCTS_DIR; };
		C960C5B329086DC300AD20E6 /* ShopeeUITests.swift */ = {isa = PBXFileReference; lastKnownFileType = sourcecode.swift; path = ShopeeUITests.swift; sourceTree = "<group>"; };
		C960C5B529086DC300AD20E6 /* ShopeeUITestsLaunchTests.swift */ = {isa = PBXFileReference; lastKnownFileType = sourcecode.swift; path = ShopeeUITestsLaunchTests.swift; sourceTree = "<group>"; };
		C960C5CB2908834400AD20E6 /* SplashScreenView.swift */ = {isa = PBXFileReference; lastKnownFileType = sourcecode.swift; path = SplashScreenView.swift; sourceTree = "<group>"; };
		C9769DD0291308E900C46219 /* CartProduct.swift */ = {isa = PBXFileReference; lastKnownFileType = sourcecode.swift; path = CartProduct.swift; sourceTree = "<group>"; };
		C98A5D80290E652600CB8175 /* Inter-Bold.ttf */ = {isa = PBXFileReference; lastKnownFileType = file; path = "Inter-Bold.ttf"; sourceTree = "<group>"; };
		C98A5D81290E652600CB8175 /* Inter-Regular.ttf */ = {isa = PBXFileReference; lastKnownFileType = file; path = "Inter-Regular.ttf"; sourceTree = "<group>"; };
		C98A5D82290E652600CB8175 /* Inter-ExtraBold.ttf */ = {isa = PBXFileReference; lastKnownFileType = file; path = "Inter-ExtraBold.ttf"; sourceTree = "<group>"; };
		C98A5D86290E7FBA00CB8175 /* ProductScreenView.swift */ = {isa = PBXFileReference; lastKnownFileType = sourcecode.swift; path = ProductScreenView.swift; sourceTree = "<group>"; };
		C98A5D8A290E834400CB8175 /* CGFloat+Extensions.swift */ = {isa = PBXFileReference; lastKnownFileType = sourcecode.swift; path = "CGFloat+Extensions.swift"; sourceTree = "<group>"; };
		C98A5D8C290E83E800CB8175 /* ProductViewCell.swift */ = {isa = PBXFileReference; lastKnownFileType = sourcecode.swift; path = ProductViewCell.swift; sourceTree = "<group>"; };
		C98A5D8E290E8A0300CB8175 /* ProductScreenViewModel.swift */ = {isa = PBXFileReference; lastKnownFileType = sourcecode.swift; path = ProductScreenViewModel.swift; sourceTree = "<group>"; };
		C98A5D90290E8AAB00CB8175 /* products.json */ = {isa = PBXFileReference; fileEncoding = 4; lastKnownFileType = text.json; path = products.json; sourceTree = "<group>"; };
		C98A5D93290E915900CB8175 /* KingfisherOperations.swift */ = {isa = PBXFileReference; lastKnownFileType = sourcecode.swift; path = KingfisherOperations.swift; sourceTree = "<group>"; };
		C98A5D95290E956B00CB8175 /* UIImage+Extensions.swift */ = {isa = PBXFileReference; lastKnownFileType = sourcecode.swift; path = "UIImage+Extensions.swift"; sourceTree = "<group>"; };
		C98A5D97290EBAB200CB8175 /* Poppins-Regular.ttf */ = {isa = PBXFileReference; lastKnownFileType = file; path = "Poppins-Regular.ttf"; sourceTree = "<group>"; };
		C98A5D98290EBAB300CB8175 /* Poppins-Bold.ttf */ = {isa = PBXFileReference; lastKnownFileType = file; path = "Poppins-Bold.ttf"; sourceTree = "<group>"; };
		C98AB1C52909C3BB00BD917A /* AuthenticationViewController.swift */ = {isa = PBXFileReference; lastKnownFileType = sourcecode.swift; path = AuthenticationViewController.swift; sourceTree = "<group>"; };
		C98AB1C92909C41A00BD917A /* String+PasswordMailControlExtension.swift */ = {isa = PBXFileReference; lastKnownFileType = sourcecode.swift; path = "String+PasswordMailControlExtension.swift"; sourceTree = "<group>"; };
		C98AB1CC2909C5D300BD917A /* FirebaseAuthentication.swift */ = {isa = PBXFileReference; lastKnownFileType = sourcecode.swift; path = FirebaseAuthentication.swift; sourceTree = "<group>"; };
		C98AB1CE2909C67900BD917A /* AuthenticaitionView.swift */ = {isa = PBXFileReference; lastKnownFileType = sourcecode.swift; path = AuthenticaitionView.swift; sourceTree = "<group>"; };
		C98E599D290D81F50031E550 /* TabBarViewController.swift */ = {isa = PBXFileReference; lastKnownFileType = sourcecode.swift; path = TabBarViewController.swift; sourceTree = "<group>"; };
		C98E59A1290D851A0031E550 /* ProductScreenViewController.swift */ = {isa = PBXFileReference; lastKnownFileType = sourcecode.swift; path = ProductScreenViewController.swift; sourceTree = "<group>"; };
		C9A0E0BD29116E9C00C35E33 /* ViewControllerPreview.swift */ = {isa = PBXFileReference; lastKnownFileType = sourcecode.swift; path = ViewControllerPreview.swift; sourceTree = "<group>"; };
		C9A0E0C42911737D00C35E33 /* ProductDetailsViewController.swift */ = {isa = PBXFileReference; lastKnownFileType = sourcecode.swift; path = ProductDetailsViewController.swift; sourceTree = "<group>"; };
		C9A0E0C62911744A00C35E33 /* ProductDetailsView.swift */ = {isa = PBXFileReference; lastKnownFileType = sourcecode.swift; path = ProductDetailsView.swift; sourceTree = "<group>"; };
		C9A0E0C82911AD8200C35E33 /* ScrollableLabel.swift */ = {isa = PBXFileReference; lastKnownFileType = sourcecode.swift; path = ScrollableLabel.swift; sourceTree = "<group>"; };
		C9A0E0CA2911C42400C35E33 /* ProductDetailsViewModel.swift */ = {isa = PBXFileReference; lastKnownFileType = sourcecode.swift; path = ProductDetailsViewModel.swift; sourceTree = "<group>"; };
		C9B54ADB29104090004CDA3D /* ProfilePageViewController.swift */ = {isa = PBXFileReference; lastKnownFileType = sourcecode.swift; path = ProfilePageViewController.swift; sourceTree = "<group>"; };
		C9B54ADD291040E6004CDA3D /* ProfilePageView.swift */ = {isa = PBXFileReference; lastKnownFileType = sourcecode.swift; path = ProfilePageView.swift; sourceTree = "<group>"; };
		C9B54ADF2910466B004CDA3D /* UIColor+Extensions.swift */ = {isa = PBXFileReference; lastKnownFileType = sourcecode.swift; path = "UIColor+Extensions.swift"; sourceTree = "<group>"; };
		C9B54AE1291046FF004CDA3D /* ProfilePageViewModel.swift */ = {isa = PBXFileReference; lastKnownFileType = sourcecode.swift; path = ProfilePageViewModel.swift; sourceTree = "<group>"; };
		C9B54AE3291066D5004CDA3D /* ProfilePageCustomButtonView.swift */ = {isa = PBXFileReference; lastKnownFileType = sourcecode.swift; path = ProfilePageCustomButtonView.swift; sourceTree = "<group>"; };
		C9EC01A62917E137004E28DA /* ImagePicker.swift */ = {isa = PBXFileReference; lastKnownFileType = sourcecode.swift; path = ImagePicker.swift; sourceTree = "<group>"; };
		C9EC01B529180D9F004E28DA /* FirebaseStorage.swift */ = {isa = PBXFileReference; lastKnownFileType = sourcecode.swift; path = FirebaseStorage.swift; sourceTree = "<group>"; };
		C9FFEF272917290000DCBE0E /* SettingsViewController.swift */ = {isa = PBXFileReference; lastKnownFileType = sourcecode.swift; path = SettingsViewController.swift; sourceTree = "<group>"; };
		C9FFEF2E291729D700DCBE0E /* SettingsViewModel.swift */ = {isa = PBXFileReference; lastKnownFileType = sourcecode.swift; path = SettingsViewModel.swift; sourceTree = "<group>"; };
		C9FFEF30291729EE00DCBE0E /* SettingsView.swift */ = {isa = PBXFileReference; lastKnownFileType = sourcecode.swift; path = SettingsView.swift; sourceTree = "<group>"; };
/* End PBXFileReference section */

/* Begin PBXFrameworksBuildPhase section */
		C960C58C29086DC200AD20E6 /* Frameworks */ = {
			isa = PBXFrameworksBuildPhase;
			buildActionMask = 2147483647;
			files = (
				C960C5E229088C6100AD20E6 /* Kingfisher in Frameworks */,
				C98AB1B92909BF4900BD917A /* FirebaseAuth in Frameworks */,
				C960C5E529088C7F00AD20E6 /* IQKeyboardManagerSwift in Frameworks */,
				C960C5DF29088C3300AD20E6 /* SnapKit in Frameworks */,
				C9EC01B429180C84004E28DA /* FirebaseStorage in Frameworks */,
				C960C5D929088BF800AD20E6 /* Moya in Frameworks */,
				C98AB1BB2909BF4900BD917A /* FirebaseFirestoreSwift in Frameworks */,
			);
			runOnlyForDeploymentPostprocessing = 0;
		};
		C960C5A229086DC300AD20E6 /* Frameworks */ = {
			isa = PBXFrameworksBuildPhase;
			buildActionMask = 2147483647;
			files = (
				C92887922916F85C00A5F94D /* FirebaseFirestoreSwift in Frameworks */,
				C92887942916F88400A5F94D /* FirebaseAuth in Frameworks */,
				C92887962916F88D00A5F94D /* Moya in Frameworks */,
			);
			runOnlyForDeploymentPostprocessing = 0;
		};
		C960C5AC29086DC300AD20E6 /* Frameworks */ = {
			isa = PBXFrameworksBuildPhase;
			buildActionMask = 2147483647;
			files = (
			);
			runOnlyForDeploymentPostprocessing = 0;
		};
/* End PBXFrameworksBuildPhase section */

/* Begin PBXGroup section */
		C9123BC42913C3D0007E6EB3 /* BasketScreen */ = {
			isa = PBXGroup;
			children = (
				C9123BC72913C400007E6EB3 /* ViewModel */,
				C9123BC62913C3F7007E6EB3 /* ViewController */,
				C9123BC52913C3F2007E6EB3 /* View */,
			);
			path = BasketScreen;
			sourceTree = "<group>";
		};
		C9123BC52913C3F2007E6EB3 /* View */ = {
			isa = PBXGroup;
			children = (
				C9123BCC2913D709007E6EB3 /* TableViewCell */,
				C9123BCA2913C5F5007E6EB3 /* BasketScreenView.swift */,
			);
			path = View;
			sourceTree = "<group>";
		};
		C9123BC62913C3F7007E6EB3 /* ViewController */ = {
			isa = PBXGroup;
			children = (
				C9123BC82913C415007E6EB3 /* BasketScreenViewController.swift */,
			);
			path = ViewController;
			sourceTree = "<group>";
		};
		C9123BC72913C400007E6EB3 /* ViewModel */ = {
			isa = PBXGroup;
			children = (
				C9123BCF29143CF1007E6EB3 /* BasketScreenViewModel.swift */,
			);
			path = ViewModel;
			sourceTree = "<group>";
		};
		C9123BCC2913D709007E6EB3 /* TableViewCell */ = {
			isa = PBXGroup;
			children = (
				C9123BCD2913D71A007E6EB3 /* BasketTableViewCustomCell.swift */,
			);
			path = TableViewCell;
			sourceTree = "<group>";
		};
		C91D098829150FF900ACFA46 /* SearchScreen */ = {
			isa = PBXGroup;
			children = (
				C91D098B2915101400ACFA46 /* ViewModel */,
				C91D098A2915100C00ACFA46 /* ViewController */,
				C91D09892915100500ACFA46 /* View */,
			);
			path = SearchScreen;
			sourceTree = "<group>";
		};
		C91D09892915100500ACFA46 /* View */ = {
			isa = PBXGroup;
			children = (
				C91D099029151CA100ACFA46 /* SearchScreenTableViewCell */,
				C91D098E2915106500ACFA46 /* SearchScreenView.swift */,
			);
			path = View;
			sourceTree = "<group>";
		};
		C91D098A2915100C00ACFA46 /* ViewController */ = {
			isa = PBXGroup;
			children = (
				C91D098C2915103700ACFA46 /* SearchScreenViewController.swift */,
			);
			path = ViewController;
			sourceTree = "<group>";
		};
		C91D098B2915101400ACFA46 /* ViewModel */ = {
			isa = PBXGroup;
			children = (
				C91D09932915304500ACFA46 /* SearchScreenViewModel.swift */,
			);
			path = ViewModel;
			sourceTree = "<group>";
		};
		C91D099029151CA100ACFA46 /* SearchScreenTableViewCell */ = {
			isa = PBXGroup;
			children = (
				C91D099129151CE900ACFA46 /* SearchScreenTableViewCustomCell.swift */,
			);
			path = SearchScreenTableViewCell;
			sourceTree = "<group>";
		};
		C91D09992915B76000ACFA46 /* OnboardingScreen */ = {
			isa = PBXGroup;
			children = (
				C91D09A22915C37100ACFA46 /* View */,
				C91D099B2915B77B00ACFA46 /* ViewController */,
			);
			path = OnboardingScreen;
			sourceTree = "<group>";
		};
		C91D099B2915B77B00ACFA46 /* ViewController */ = {
			isa = PBXGroup;
			children = (
				C91D099D2915B79400ACFA46 /* OnBoardingViewController.swift */,
			);
			path = ViewController;
			sourceTree = "<group>";
		};
		C91D09A22915C37100ACFA46 /* View */ = {
			isa = PBXGroup;
			children = (
				C91D09A32915C38600ACFA46 /* ScrollableViewWithPageControl.swift */,
			);
			path = View;
			sourceTree = "<group>";
		};
		C92887902916F85C00A5F94D /* Frameworks */ = {
			isa = PBXGroup;
			children = (
			);
			name = Frameworks;
			sourceTree = "<group>";
		};
		C959EF8D290B1A8B00D717C3 /* Subviews */ = {
			isa = PBXGroup;
			children = (
				C959EF8E290B1A9C00D717C3 /* SignInView.swift */,
				C959EF90290B1BC100D717C3 /* SignUpView.swift */,
				C959EF92290B434900D717C3 /* ResetPasswordView.swift */,
			);
			path = Subviews;
			sourceTree = "<group>";
		};
		C959EF9E290C135000D717C3 /* Helpers */ = {
			isa = PBXGroup;
			children = (
				C959EF9F290C135C00D717C3 /* AlertPresentable.swift */,
			);
			path = Helpers;
			sourceTree = "<group>";
		};
		C959EFB8290C7AEE00D717C3 /* FakeStoreApi */ = {
			isa = PBXGroup;
			children = (
				C959EFB9290C7AFE00D717C3 /* FakeStoreApi.swift */,
				C92887972917088500A5F94D /* FakeStoreApiManagement.swift */,
			);
			path = FakeStoreApi;
			sourceTree = "<group>";
		};
		C960C58629086DC200AD20E6 = {
			isa = PBXGroup;
			children = (
				C960C59129086DC200AD20E6 /* Shopee */,
				C960C5A829086DC300AD20E6 /* ShopeeTests */,
				C960C5B229086DC300AD20E6 /* ShopeeUITests */,
				C960C59029086DC200AD20E6 /* Products */,
				C92887902916F85C00A5F94D /* Frameworks */,
			);
			sourceTree = "<group>";
		};
		C960C59029086DC200AD20E6 /* Products */ = {
			isa = PBXGroup;
			children = (
				C960C58F29086DC200AD20E6 /* Shopee.app */,
				C960C5A529086DC300AD20E6 /* ShopeeTests.xctest */,
				C960C5AF29086DC300AD20E6 /* ShopeeUITests.xctest */,
			);
			name = Products;
			sourceTree = "<group>";
		};
		C960C59129086DC200AD20E6 /* Shopee */ = {
			isa = PBXGroup;
			children = (
				C98A5D90290E8AAB00CB8175 /* products.json */,
				C960C5C22908700100AD20E6 /* App */,
				C960C5C32908700B00AD20E6 /* Scenes */,
			);
			path = Shopee;
			sourceTree = "<group>";
		};
		C960C5A829086DC300AD20E6 /* ShopeeTests */ = {
			isa = PBXGroup;
			children = (
				C960C5A929086DC300AD20E6 /* ShopeeTests.swift */,
			);
			path = ShopeeTests;
			sourceTree = "<group>";
		};
		C960C5B229086DC300AD20E6 /* ShopeeUITests */ = {
			isa = PBXGroup;
			children = (
				C960C5B329086DC300AD20E6 /* ShopeeUITests.swift */,
				C960C5B529086DC300AD20E6 /* ShopeeUITestsLaunchTests.swift */,
			);
			path = ShopeeUITests;
			sourceTree = "<group>";
		};
		C960C5C22908700100AD20E6 /* App */ = {
			isa = PBXGroup;
			children = (
				C9A0E0BC29116E8900C35E33 /* AddPreview */,
				C98A5D75290E631C00CB8175 /* Fonts */,
				C959EF9E290C135000D717C3 /* Helpers */,
				C98AB1C82909C40A00BD917A /* Extensions */,
				C98AB1B32909BDDC00BD917A /* Network */,
				C960C5C72908708700AD20E6 /* Plists */,
				C960C5C62908704600AD20E6 /* Delegates */,
				C960C5C52908703C00AD20E6 /* Assets */,
				C960C5C42908702300AD20E6 /* LaunchScreen */,
			);
			path = App;
			sourceTree = "<group>";
		};
		C960C5C32908700B00AD20E6 /* Scenes */ = {
			isa = PBXGroup;
			children = (
				C9FFEF292917290700DCBE0E /* SettingsScreen */,
				C91D09992915B76000ACFA46 /* OnboardingScreen */,
				C91D098829150FF900ACFA46 /* SearchScreen */,
				C9123BC42913C3D0007E6EB3 /* BasketScreen */,
				C9B54AD729104066004CDA3D /* ProfilePageScreen */,
				C9A0E0C02911735400C35E33 /* ProductDetailsScreen */,
				C98A5D6E290E5C1B00CB8175 /* ProductsScreen */,
				C98E5998290D81BF0031E550 /* TabBarView */,
				C98AB1C02909C38200BD917A /* AuthenticationScreen */,
				C960C5C82908752600AD20E6 /* SplashScreen */,
			);
			path = Scenes;
			sourceTree = "<group>";
		};
		C960C5C42908702300AD20E6 /* LaunchScreen */ = {
			isa = PBXGroup;
			children = (
				C960C59D29086DC300AD20E6 /* LaunchScreen.storyboard */,
			);
			path = LaunchScreen;
			sourceTree = "<group>";
		};
		C960C5C52908703C00AD20E6 /* Assets */ = {
			isa = PBXGroup;
			children = (
				C960C59B29086DC300AD20E6 /* Assets.xcassets */,
			);
			path = Assets;
			sourceTree = "<group>";
		};
		C960C5C62908704600AD20E6 /* Delegates */ = {
			isa = PBXGroup;
			children = (
				C960C59429086DC200AD20E6 /* SceneDelegate.swift */,
				C960C59229086DC200AD20E6 /* AppDelegate.swift */,
			);
			path = Delegates;
			sourceTree = "<group>";
		};
		C960C5C72908708700AD20E6 /* Plists */ = {
			isa = PBXGroup;
			children = (
				C959EF9A290BFBC800D717C3 /* GoogleService-Info.plist */,
				C960C5A029086DC300AD20E6 /* Info.plist */,
			);
			path = Plists;
			sourceTree = "<group>";
		};
		C960C5C82908752600AD20E6 /* SplashScreen */ = {
			isa = PBXGroup;
			children = (
				C960C5CA2908753D00AD20E6 /* View */,
				C960C5C92908752D00AD20E6 /* ViewController */,
			);
			path = SplashScreen;
			sourceTree = "<group>";
		};
		C960C5C92908752D00AD20E6 /* ViewController */ = {
			isa = PBXGroup;
			children = (
				C960C59629086DC200AD20E6 /* SplashScreenViewController.swift */,
			);
			path = ViewController;
			sourceTree = "<group>";
		};
		C960C5CA2908753D00AD20E6 /* View */ = {
			isa = PBXGroup;
			children = (
				C960C5CB2908834400AD20E6 /* SplashScreenView.swift */,
			);
			path = View;
			sourceTree = "<group>";
		};
		C9769DCF291308D500C46219 /* Model */ = {
			isa = PBXGroup;
			children = (
				C9769DD0291308E900C46219 /* CartProduct.swift */,
			);
			path = Model;
			sourceTree = "<group>";
		};
		C98A5D6E290E5C1B00CB8175 /* ProductsScreen */ = {
			isa = PBXGroup;
			children = (
				C98A5D72290E5C3900CB8175 /* ViewModel */,
				C98A5D71290E5C3100CB8175 /* ViewController */,
				C98A5D70290E5C2B00CB8175 /* Model */,
				C98A5D6F290E5C2300CB8175 /* View */,
			);
			path = ProductsScreen;
			sourceTree = "<group>";
		};
		C98A5D6F290E5C2300CB8175 /* View */ = {
			isa = PBXGroup;
			children = (
				C98A5D86290E7FBA00CB8175 /* ProductScreenView.swift */,
				C98A5D9E290F140E00CB8175 /* CollectionViewCell */,
			);
			path = View;
			sourceTree = "<group>";
		};
		C98A5D70290E5C2B00CB8175 /* Model */ = {
			isa = PBXGroup;
			children = (
				C959EFBD290C7B5900D717C3 /* Product.swift */,
			);
			path = Model;
			sourceTree = "<group>";
		};
		C98A5D71290E5C3100CB8175 /* ViewController */ = {
			isa = PBXGroup;
			children = (
				C98E59A1290D851A0031E550 /* ProductScreenViewController.swift */,
			);
			path = ViewController;
			sourceTree = "<group>";
		};
		C98A5D72290E5C3900CB8175 /* ViewModel */ = {
			isa = PBXGroup;
			children = (
				C98A5D8E290E8A0300CB8175 /* ProductScreenViewModel.swift */,
			);
			path = ViewModel;
			sourceTree = "<group>";
		};
		C98A5D75290E631C00CB8175 /* Fonts */ = {
			isa = PBXGroup;
			children = (
				C98A5D9B290EBC0200CB8175 /* Poppins */,
				C98A5D76290E633300CB8175 /* Inter */,
			);
			path = Fonts;
			sourceTree = "<group>";
		};
		C98A5D76290E633300CB8175 /* Inter */ = {
			isa = PBXGroup;
			children = (
				C98A5D80290E652600CB8175 /* Inter-Bold.ttf */,
				C98A5D82290E652600CB8175 /* Inter-ExtraBold.ttf */,
				C98A5D81290E652600CB8175 /* Inter-Regular.ttf */,
			);
			path = Inter;
			sourceTree = "<group>";
		};
		C98A5D92290E914600CB8175 /* Kingfisher */ = {
			isa = PBXGroup;
			children = (
				C98A5D93290E915900CB8175 /* KingfisherOperations.swift */,
			);
			path = Kingfisher;
			sourceTree = "<group>";
		};
		C98A5D9B290EBC0200CB8175 /* Poppins */ = {
			isa = PBXGroup;
			children = (
				C98A5D98290EBAB300CB8175 /* Poppins-Bold.ttf */,
				C98A5D97290EBAB200CB8175 /* Poppins-Regular.ttf */,
			);
			path = Poppins;
			sourceTree = "<group>";
		};
		C98A5D9E290F140E00CB8175 /* CollectionViewCell */ = {
			isa = PBXGroup;
			children = (
				C98A5D8C290E83E800CB8175 /* ProductViewCell.swift */,
			);
			path = CollectionViewCell;
			sourceTree = "<group>";
		};
		C98AB1B32909BDDC00BD917A /* Network */ = {
			isa = PBXGroup;
			children = (
				C98A5D92290E914600CB8175 /* Kingfisher */,
				C959EFB8290C7AEE00D717C3 /* FakeStoreApi */,
				C98AB1CB2909C5C500BD917A /* Firebase */,
			);
			path = Network;
			sourceTree = "<group>";
		};
		C98AB1C02909C38200BD917A /* AuthenticationScreen */ = {
			isa = PBXGroup;
			children = (
				C98AB1C42909C3A400BD917A /* Model */,
				C98AB1C32909C39900BD917A /* ViewModel */,
				C98AB1C22909C38F00BD917A /* ViewController */,
				C98AB1C12909C38B00BD917A /* View */,
			);
			path = AuthenticationScreen;
			sourceTree = "<group>";
		};
		C98AB1C12909C38B00BD917A /* View */ = {
			isa = PBXGroup;
			children = (
				C98AB1CE2909C67900BD917A /* AuthenticaitionView.swift */,
				C959EF8D290B1A8B00D717C3 /* Subviews */,
			);
			path = View;
			sourceTree = "<group>";
		};
		C98AB1C22909C38F00BD917A /* ViewController */ = {
			isa = PBXGroup;
			children = (
				C98AB1C52909C3BB00BD917A /* AuthenticationViewController.swift */,
				C959EF94290B451300D717C3 /* ResetPasswordViewController.swift */,
			);
			path = ViewController;
			sourceTree = "<group>";
		};
		C98AB1C32909C39900BD917A /* ViewModel */ = {
			isa = PBXGroup;
			children = (
				C959EF9C290BFEE900D717C3 /* AuthenticationViewModel.swift */,
			);
			path = ViewModel;
			sourceTree = "<group>";
		};
		C98AB1C42909C3A400BD917A /* Model */ = {
			isa = PBXGroup;
			children = (
				C959EFB1290C51E300D717C3 /* UserProfile.swift */,
			);
			path = Model;
			sourceTree = "<group>";
		};
		C98AB1C82909C40A00BD917A /* Extensions */ = {
			isa = PBXGroup;
			children = (
				C98AB1C92909C41A00BD917A /* String+PasswordMailControlExtension.swift */,
				C959EF96290B4DFF00D717C3 /* UIView+ButtonAnimation.swift */,
				C959EF98290BE1B100D717C3 /* UIButton+UnderlinedTitle.swift */,
				C98A5D8A290E834400CB8175 /* CGFloat+Extensions.swift */,
				C98A5D95290E956B00CB8175 /* UIImage+Extensions.swift */,
				C9B54ADF2910466B004CDA3D /* UIColor+Extensions.swift */,
				C9123BD129145B0B007E6EB3 /* CustomUIButton.swift */,
				C91D09952915A2AB00ACFA46 /* UIStackView+RemoveArrangedSubviews.swift */,
				C91D09972915A40600ACFA46 /* String+Substring.swift */,
				C928878A2916F27800A5F94D /* UIView+GradientView.swift */,
				C9EC01A62917E137004E28DA /* ImagePicker.swift */,
			);
			path = Extensions;
			sourceTree = "<group>";
		};
		C98AB1CB2909C5C500BD917A /* Firebase */ = {
			isa = PBXGroup;
			children = (
				C98AB1CC2909C5D300BD917A /* FirebaseAuthentication.swift */,
				C959EFB3290C722700D717C3 /* FirebaseFirestoreManagement.swift */,
				C9EC01B529180D9F004E28DA /* FirebaseStorage.swift */,
			);
			path = Firebase;
			sourceTree = "<group>";
		};
		C98E5998290D81BF0031E550 /* TabBarView */ = {
			isa = PBXGroup;
			children = (
				C98E599B290D81D10031E550 /* ViewController */,
			);
			path = TabBarView;
			sourceTree = "<group>";
		};
		C98E599B290D81D10031E550 /* ViewController */ = {
			isa = PBXGroup;
			children = (
				C98E599D290D81F50031E550 /* TabBarViewController.swift */,
			);
			path = ViewController;
			sourceTree = "<group>";
		};
		C9A0E0BC29116E8900C35E33 /* AddPreview */ = {
			isa = PBXGroup;
			children = (
				C9A0E0BD29116E9C00C35E33 /* ViewControllerPreview.swift */,
			);
			path = AddPreview;
			sourceTree = "<group>";
		};
		C9A0E0C02911735400C35E33 /* ProductDetailsScreen */ = {
			isa = PBXGroup;
			children = (
				C9769DCF291308D500C46219 /* Model */,
				C9A0E0C32911736800C35E33 /* ViewModel */,
				C9A0E0C22911736200C35E33 /* ViewController */,
				C9A0E0C12911735D00C35E33 /* View */,
			);
			path = ProductDetailsScreen;
			sourceTree = "<group>";
		};
		C9A0E0C12911735D00C35E33 /* View */ = {
			isa = PBXGroup;
			children = (
				C9A0E0C62911744A00C35E33 /* ProductDetailsView.swift */,
				C9A0E0C82911AD8200C35E33 /* ScrollableLabel.swift */,
			);
			path = View;
			sourceTree = "<group>";
		};
		C9A0E0C22911736200C35E33 /* ViewController */ = {
			isa = PBXGroup;
			children = (
				C9A0E0C42911737D00C35E33 /* ProductDetailsViewController.swift */,
			);
			path = ViewController;
			sourceTree = "<group>";
		};
		C9A0E0C32911736800C35E33 /* ViewModel */ = {
			isa = PBXGroup;
			children = (
				C9A0E0CA2911C42400C35E33 /* ProductDetailsViewModel.swift */,
			);
			path = ViewModel;
			sourceTree = "<group>";
		};
		C9B54AD729104066004CDA3D /* ProfilePageScreen */ = {
			isa = PBXGroup;
			children = (
				C9B54ADA2910407B004CDA3D /* ViewModel */,
				C9B54AD929104071004CDA3D /* ViewController */,
				C9B54AD82910406D004CDA3D /* View */,
			);
			path = ProfilePageScreen;
			sourceTree = "<group>";
		};
		C9B54AD82910406D004CDA3D /* View */ = {
			isa = PBXGroup;
			children = (
				C9B54ADD291040E6004CDA3D /* ProfilePageView.swift */,
				C9B54AE3291066D5004CDA3D /* ProfilePageCustomButtonView.swift */,
			);
			path = View;
			sourceTree = "<group>";
		};
		C9B54AD929104071004CDA3D /* ViewController */ = {
			isa = PBXGroup;
			children = (
				C9B54ADB29104090004CDA3D /* ProfilePageViewController.swift */,
			);
			path = ViewController;
			sourceTree = "<group>";
		};
		C9B54ADA2910407B004CDA3D /* ViewModel */ = {
			isa = PBXGroup;
			children = (
				C9B54AE1291046FF004CDA3D /* ProfilePageViewModel.swift */,
			);
			path = ViewModel;
			sourceTree = "<group>";
		};
		C9FFEF292917290700DCBE0E /* SettingsScreen */ = {
			isa = PBXGroup;
			children = (
				C9FFEF2C291729BE00DCBE0E /* ViewModel */,
				C9FFEF2B291729B800DCBE0E /* View */,
				C9FFEF2A291729AF00DCBE0E /* ViewController */,
			);
			path = SettingsScreen;
			sourceTree = "<group>";
		};
		C9FFEF2A291729AF00DCBE0E /* ViewController */ = {
			isa = PBXGroup;
			children = (
				C9FFEF272917290000DCBE0E /* SettingsViewController.swift */,
			);
			path = ViewController;
			sourceTree = "<group>";
		};
		C9FFEF2B291729B800DCBE0E /* View */ = {
			isa = PBXGroup;
			children = (
				C9FFEF30291729EE00DCBE0E /* SettingsView.swift */,
			);
			path = View;
			sourceTree = "<group>";
		};
		C9FFEF2C291729BE00DCBE0E /* ViewModel */ = {
			isa = PBXGroup;
			children = (
				C9FFEF2E291729D700DCBE0E /* SettingsViewModel.swift */,
			);
			path = ViewModel;
			sourceTree = "<group>";
		};
/* End PBXGroup section */

/* Begin PBXNativeTarget section */
		C960C58E29086DC200AD20E6 /* Shopee */ = {
			isa = PBXNativeTarget;
			buildConfigurationList = C960C5B929086DC300AD20E6 /* Build configuration list for PBXNativeTarget "Shopee" */;
			buildPhases = (
				C960C58B29086DC200AD20E6 /* Sources */,
				C960C58C29086DC200AD20E6 /* Frameworks */,
				C960C58D29086DC200AD20E6 /* Resources */,
			);
			buildRules = (
			);
			dependencies = (
			);
			name = Shopee;
			packageProductDependencies = (
				C960C5D829088BF800AD20E6 /* Moya */,
				C960C5DE29088C3300AD20E6 /* SnapKit */,
				C960C5E129088C6100AD20E6 /* Kingfisher */,
				C960C5E429088C7F00AD20E6 /* IQKeyboardManagerSwift */,
				C98AB1B82909BF4900BD917A /* FirebaseAuth */,
				C98AB1BA2909BF4900BD917A /* FirebaseFirestoreSwift */,
				C9EC01B329180C84004E28DA /* FirebaseStorage */,
			);
			productName = Shopee;
			productReference = C960C58F29086DC200AD20E6 /* Shopee.app */;
			productType = "com.apple.product-type.application";
		};
		C960C5A429086DC300AD20E6 /* ShopeeTests */ = {
			isa = PBXNativeTarget;
			buildConfigurationList = C960C5BC29086DC300AD20E6 /* Build configuration list for PBXNativeTarget "ShopeeTests" */;
			buildPhases = (
				C960C5A129086DC300AD20E6 /* Sources */,
				C960C5A229086DC300AD20E6 /* Frameworks */,
				C960C5A329086DC300AD20E6 /* Resources */,
			);
			buildRules = (
			);
			dependencies = (
				C960C5A729086DC300AD20E6 /* PBXTargetDependency */,
			);
			name = ShopeeTests;
			packageProductDependencies = (
				C92887912916F85C00A5F94D /* FirebaseFirestoreSwift */,
				C92887932916F88400A5F94D /* FirebaseAuth */,
				C92887952916F88D00A5F94D /* Moya */,
			);
			productName = ShopeeTests;
			productReference = C960C5A529086DC300AD20E6 /* ShopeeTests.xctest */;
			productType = "com.apple.product-type.bundle.unit-test";
		};
		C960C5AE29086DC300AD20E6 /* ShopeeUITests */ = {
			isa = PBXNativeTarget;
			buildConfigurationList = C960C5BF29086DC300AD20E6 /* Build configuration list for PBXNativeTarget "ShopeeUITests" */;
			buildPhases = (
				C960C5AB29086DC300AD20E6 /* Sources */,
				C960C5AC29086DC300AD20E6 /* Frameworks */,
				C960C5AD29086DC300AD20E6 /* Resources */,
			);
			buildRules = (
			);
			dependencies = (
				C960C5B129086DC300AD20E6 /* PBXTargetDependency */,
			);
			name = ShopeeUITests;
			productName = ShopeeUITests;
			productReference = C960C5AF29086DC300AD20E6 /* ShopeeUITests.xctest */;
			productType = "com.apple.product-type.bundle.ui-testing";
		};
/* End PBXNativeTarget section */

/* Begin PBXProject section */
		C960C58729086DC200AD20E6 /* Project object */ = {
			isa = PBXProject;
			attributes = {
				BuildIndependentTargetsInParallel = 1;
				LastSwiftUpdateCheck = 1400;
				LastUpgradeCheck = 1400;
				TargetAttributes = {
					C960C58E29086DC200AD20E6 = {
						CreatedOnToolsVersion = 14.0.1;
					};
					C960C5A429086DC300AD20E6 = {
						CreatedOnToolsVersion = 14.0.1;
						TestTargetID = C960C58E29086DC200AD20E6;
					};
					C960C5AE29086DC300AD20E6 = {
						CreatedOnToolsVersion = 14.0.1;
						TestTargetID = C960C58E29086DC200AD20E6;
					};
				};
			};
			buildConfigurationList = C960C58A29086DC200AD20E6 /* Build configuration list for PBXProject "Shopee" */;
			compatibilityVersion = "Xcode 14.0";
			developmentRegion = en;
			hasScannedForEncodings = 0;
			knownRegions = (
				en,
				Base,
			);
			mainGroup = C960C58629086DC200AD20E6;
			packageReferences = (
				C960C5D729088BF800AD20E6 /* XCRemoteSwiftPackageReference "Moya" */,
				C960C5DD29088C3300AD20E6 /* XCRemoteSwiftPackageReference "SnapKit" */,
				C960C5E029088C6100AD20E6 /* XCRemoteSwiftPackageReference "Kingfisher" */,
				C960C5E329088C7F00AD20E6 /* XCRemoteSwiftPackageReference "IQKeyboardManager" */,
				C98AB1B72909BF4900BD917A /* XCRemoteSwiftPackageReference "firebase-ios-sdk" */,
			);
			productRefGroup = C960C59029086DC200AD20E6 /* Products */;
			projectDirPath = "";
			projectRoot = "";
			targets = (
				C960C58E29086DC200AD20E6 /* Shopee */,
				C960C5A429086DC300AD20E6 /* ShopeeTests */,
				C960C5AE29086DC300AD20E6 /* ShopeeUITests */,
			);
		};
/* End PBXProject section */

/* Begin PBXResourcesBuildPhase section */
		C960C58D29086DC200AD20E6 /* Resources */ = {
			isa = PBXResourcesBuildPhase;
			buildActionMask = 2147483647;
			files = (
				C960C59F29086DC300AD20E6 /* LaunchScreen.storyboard in Resources */,
				C98A5D9A290EBAB300CB8175 /* Poppins-Bold.ttf in Resources */,
				C98A5D84290E652600CB8175 /* Inter-Regular.ttf in Resources */,
				C98A5D91290E8AAB00CB8175 /* products.json in Resources */,
				C960C59C29086DC300AD20E6 /* Assets.xcassets in Resources */,
				C98A5D83290E652600CB8175 /* Inter-Bold.ttf in Resources */,
				C959EF9B290BFBC800D717C3 /* GoogleService-Info.plist in Resources */,
				C98A5D85290E652600CB8175 /* Inter-ExtraBold.ttf in Resources */,
				C98A5D99290EBAB300CB8175 /* Poppins-Regular.ttf in Resources */,
			);
			runOnlyForDeploymentPostprocessing = 0;
		};
		C960C5A329086DC300AD20E6 /* Resources */ = {
			isa = PBXResourcesBuildPhase;
			buildActionMask = 2147483647;
			files = (
			);
			runOnlyForDeploymentPostprocessing = 0;
		};
		C960C5AD29086DC300AD20E6 /* Resources */ = {
			isa = PBXResourcesBuildPhase;
			buildActionMask = 2147483647;
			files = (
			);
			runOnlyForDeploymentPostprocessing = 0;
		};
/* End PBXResourcesBuildPhase section */

/* Begin PBXSourcesBuildPhase section */
		C960C58B29086DC200AD20E6 /* Sources */ = {
			isa = PBXSourcesBuildPhase;
			buildActionMask = 2147483647;
			files = (
				C9123BD029143CF1007E6EB3 /* BasketScreenViewModel.swift in Sources */,
				C98E599E290D81F50031E550 /* TabBarViewController.swift in Sources */,
				C959EF99290BE1B100D717C3 /* UIButton+UnderlinedTitle.swift in Sources */,
				C9A0E0C72911744A00C35E33 /* ProductDetailsView.swift in Sources */,
				C98AB1CF2909C67900BD917A /* AuthenticaitionView.swift in Sources */,
				C9FFEF2F291729D700DCBE0E /* SettingsViewModel.swift in Sources */,
				C959EF8F290B1A9C00D717C3 /* SignInView.swift in Sources */,
				C98E59A2290D851A0031E550 /* ProductScreenViewController.swift in Sources */,
				C91D09A42915C38600ACFA46 /* ScrollableViewWithPageControl.swift in Sources */,
				C960C59729086DC200AD20E6 /* SplashScreenViewController.swift in Sources */,
				C91D098D2915103700ACFA46 /* SearchScreenViewController.swift in Sources */,
				C98A5D8B290E834400CB8175 /* CGFloat+Extensions.swift in Sources */,
				C9B54ADC29104090004CDA3D /* ProfilePageViewController.swift in Sources */,
				C959EFBA290C7AFE00D717C3 /* FakeStoreApi.swift in Sources */,
				C959EF95290B451300D717C3 /* ResetPasswordViewController.swift in Sources */,
				C91D099229151CE900ACFA46 /* SearchScreenTableViewCustomCell.swift in Sources */,
				C9123BCB2913C5F5007E6EB3 /* BasketScreenView.swift in Sources */,
				C9123BD229145B0B007E6EB3 /* CustomUIButton.swift in Sources */,
				C91D098F2915106500ACFA46 /* SearchScreenView.swift in Sources */,
				C9B54AE02910466B004CDA3D /* UIColor+Extensions.swift in Sources */,
				C9A0E0C92911AD8200C35E33 /* ScrollableLabel.swift in Sources */,
				C960C59329086DC200AD20E6 /* AppDelegate.swift in Sources */,
				C9769DD1291308E900C46219 /* CartProduct.swift in Sources */,
				C98A5D94290E915900CB8175 /* KingfisherOperations.swift in Sources */,
				C9FFEF282917290000DCBE0E /* SettingsViewController.swift in Sources */,
				C9B54ADE291040E6004CDA3D /* ProfilePageView.swift in Sources */,
				C91D09962915A2AB00ACFA46 /* UIStackView+RemoveArrangedSubviews.swift in Sources */,
				C9A0E0CB2911C42400C35E33 /* ProductDetailsViewModel.swift in Sources */,
				C91D09942915304500ACFA46 /* SearchScreenViewModel.swift in Sources */,
				C9A0E0C52911737D00C35E33 /* ProductDetailsViewController.swift in Sources */,
				C959EF9D290BFEE900D717C3 /* AuthenticationViewModel.swift in Sources */,
				C959EFB2290C51E300D717C3 /* UserProfile.swift in Sources */,
				C98AB1C62909C3BB00BD917A /* AuthenticationViewController.swift in Sources */,
				C959EF93290B434900D717C3 /* ResetPasswordView.swift in Sources */,
				C960C59529086DC200AD20E6 /* SceneDelegate.swift in Sources */,
				C98AB1CA2909C41A00BD917A /* String+PasswordMailControlExtension.swift in Sources */,
				C91D099E2915B79400ACFA46 /* OnBoardingViewController.swift in Sources */,
				C9A0E0BE29116E9C00C35E33 /* ViewControllerPreview.swift in Sources */,
				C9EC01B629180D9F004E28DA /* FirebaseStorage.swift in Sources */,
				C98AB1CD2909C5D300BD917A /* FirebaseAuthentication.swift in Sources */,
				C959EF97290B4DFF00D717C3 /* UIView+ButtonAnimation.swift in Sources */,
				C960C5CC2908834400AD20E6 /* SplashScreenView.swift in Sources */,
				C9123BCE2913D71A007E6EB3 /* BasketTableViewCustomCell.swift in Sources */,
				C91D09982915A40600ACFA46 /* String+Substring.swift in Sources */,
				C9B54AE4291066D5004CDA3D /* ProfilePageCustomButtonView.swift in Sources */,
				C92887982917088500A5F94D /* FakeStoreApiManagement.swift in Sources */,
				C98A5D8F290E8A0300CB8175 /* ProductScreenViewModel.swift in Sources */,
				C9FFEF31291729EE00DCBE0E /* SettingsView.swift in Sources */,
				C98A5D8D290E83E800CB8175 /* ProductViewCell.swift in Sources */,
				C9B54AE2291046FF004CDA3D /* ProfilePageViewModel.swift in Sources */,
				C959EFA0290C135C00D717C3 /* AlertPresentable.swift in Sources */,
				C959EF91290B1BC100D717C3 /* SignUpView.swift in Sources */,
				C959EFB4290C722700D717C3 /* FirebaseFirestoreManagement.swift in Sources */,
				C98A5D87290E7FBA00CB8175 /* ProductScreenView.swift in Sources */,
				C959EFBE290C7B5900D717C3 /* Product.swift in Sources */,
				C9123BC92913C415007E6EB3 /* BasketScreenViewController.swift in Sources */,
				C9EC01A72917E137004E28DA /* ImagePicker.swift in Sources */,
				C98A5D96290E956B00CB8175 /* UIImage+Extensions.swift in Sources */,
				C928878B2916F27800A5F94D /* UIView+GradientView.swift in Sources */,
			);
			runOnlyForDeploymentPostprocessing = 0;
		};
		C960C5A129086DC300AD20E6 /* Sources */ = {
			isa = PBXSourcesBuildPhase;
			buildActionMask = 2147483647;
			files = (
				C960C5AA29086DC300AD20E6 /* ShopeeTests.swift in Sources */,
			);
			runOnlyForDeploymentPostprocessing = 0;
		};
		C960C5AB29086DC300AD20E6 /* Sources */ = {
			isa = PBXSourcesBuildPhase;
			buildActionMask = 2147483647;
			files = (
				C960C5B629086DC300AD20E6 /* ShopeeUITestsLaunchTests.swift in Sources */,
				C960C5B429086DC300AD20E6 /* ShopeeUITests.swift in Sources */,
			);
			runOnlyForDeploymentPostprocessing = 0;
		};
/* End PBXSourcesBuildPhase section */

/* Begin PBXTargetDependency section */
		C960C5A729086DC300AD20E6 /* PBXTargetDependency */ = {
			isa = PBXTargetDependency;
			target = C960C58E29086DC200AD20E6 /* Shopee */;
			targetProxy = C960C5A629086DC300AD20E6 /* PBXContainerItemProxy */;
		};
		C960C5B129086DC300AD20E6 /* PBXTargetDependency */ = {
			isa = PBXTargetDependency;
			target = C960C58E29086DC200AD20E6 /* Shopee */;
			targetProxy = C960C5B029086DC300AD20E6 /* PBXContainerItemProxy */;
		};
/* End PBXTargetDependency section */

/* Begin PBXVariantGroup section */
		C960C59D29086DC300AD20E6 /* LaunchScreen.storyboard */ = {
			isa = PBXVariantGroup;
			children = (
				C960C59E29086DC300AD20E6 /* Base */,
			);
			name = LaunchScreen.storyboard;
			sourceTree = "<group>";
		};
/* End PBXVariantGroup section */

/* Begin XCBuildConfiguration section */
		C960C5B729086DC300AD20E6 /* Debug */ = {
			isa = XCBuildConfiguration;
			buildSettings = {
				ALWAYS_SEARCH_USER_PATHS = NO;
				CLANG_ANALYZER_NONNULL = YES;
				CLANG_ANALYZER_NUMBER_OBJECT_CONVERSION = YES_AGGRESSIVE;
				CLANG_CXX_LANGUAGE_STANDARD = "gnu++20";
				CLANG_ENABLE_MODULES = YES;
				CLANG_ENABLE_OBJC_ARC = YES;
				CLANG_ENABLE_OBJC_WEAK = YES;
				CLANG_WARN_BLOCK_CAPTURE_AUTORELEASING = YES;
				CLANG_WARN_BOOL_CONVERSION = YES;
				CLANG_WARN_COMMA = YES;
				CLANG_WARN_CONSTANT_CONVERSION = YES;
				CLANG_WARN_DEPRECATED_OBJC_IMPLEMENTATIONS = YES;
				CLANG_WARN_DIRECT_OBJC_ISA_USAGE = YES_ERROR;
				CLANG_WARN_DOCUMENTATION_COMMENTS = YES;
				CLANG_WARN_EMPTY_BODY = YES;
				CLANG_WARN_ENUM_CONVERSION = YES;
				CLANG_WARN_INFINITE_RECURSION = YES;
				CLANG_WARN_INT_CONVERSION = YES;
				CLANG_WARN_NON_LITERAL_NULL_CONVERSION = YES;
				CLANG_WARN_OBJC_IMPLICIT_RETAIN_SELF = YES;
				CLANG_WARN_OBJC_LITERAL_CONVERSION = YES;
				CLANG_WARN_OBJC_ROOT_CLASS = YES_ERROR;
				CLANG_WARN_QUOTED_INCLUDE_IN_FRAMEWORK_HEADER = YES;
				CLANG_WARN_RANGE_LOOP_ANALYSIS = YES;
				CLANG_WARN_STRICT_PROTOTYPES = YES;
				CLANG_WARN_SUSPICIOUS_MOVE = YES;
				CLANG_WARN_UNGUARDED_AVAILABILITY = YES_AGGRESSIVE;
				CLANG_WARN_UNREACHABLE_CODE = YES;
				CLANG_WARN__DUPLICATE_METHOD_MATCH = YES;
				COPY_PHASE_STRIP = NO;
				DEBUG_INFORMATION_FORMAT = dwarf;
				ENABLE_STRICT_OBJC_MSGSEND = YES;
				ENABLE_TESTABILITY = YES;
				GCC_C_LANGUAGE_STANDARD = gnu11;
				GCC_DYNAMIC_NO_PIC = NO;
				GCC_NO_COMMON_BLOCKS = YES;
				GCC_OPTIMIZATION_LEVEL = 0;
				GCC_PREPROCESSOR_DEFINITIONS = (
					"DEBUG=1",
					"$(inherited)",
				);
				GCC_WARN_64_TO_32_BIT_CONVERSION = YES;
				GCC_WARN_ABOUT_RETURN_TYPE = YES_ERROR;
				GCC_WARN_UNDECLARED_SELECTOR = YES;
				GCC_WARN_UNINITIALIZED_AUTOS = YES_AGGRESSIVE;
				GCC_WARN_UNUSED_FUNCTION = YES;
				GCC_WARN_UNUSED_VARIABLE = YES;
				IPHONEOS_DEPLOYMENT_TARGET = 16.0;
				MTL_ENABLE_DEBUG_INFO = INCLUDE_SOURCE;
				MTL_FAST_MATH = YES;
				ONLY_ACTIVE_ARCH = YES;
				SDKROOT = iphoneos;
				SWIFT_ACTIVE_COMPILATION_CONDITIONS = DEBUG;
				SWIFT_OPTIMIZATION_LEVEL = "-Onone";
			};
			name = Debug;
		};
		C960C5B829086DC300AD20E6 /* Release */ = {
			isa = XCBuildConfiguration;
			buildSettings = {
				ALWAYS_SEARCH_USER_PATHS = NO;
				CLANG_ANALYZER_NONNULL = YES;
				CLANG_ANALYZER_NUMBER_OBJECT_CONVERSION = YES_AGGRESSIVE;
				CLANG_CXX_LANGUAGE_STANDARD = "gnu++20";
				CLANG_ENABLE_MODULES = YES;
				CLANG_ENABLE_OBJC_ARC = YES;
				CLANG_ENABLE_OBJC_WEAK = YES;
				CLANG_WARN_BLOCK_CAPTURE_AUTORELEASING = YES;
				CLANG_WARN_BOOL_CONVERSION = YES;
				CLANG_WARN_COMMA = YES;
				CLANG_WARN_CONSTANT_CONVERSION = YES;
				CLANG_WARN_DEPRECATED_OBJC_IMPLEMENTATIONS = YES;
				CLANG_WARN_DIRECT_OBJC_ISA_USAGE = YES_ERROR;
				CLANG_WARN_DOCUMENTATION_COMMENTS = YES;
				CLANG_WARN_EMPTY_BODY = YES;
				CLANG_WARN_ENUM_CONVERSION = YES;
				CLANG_WARN_INFINITE_RECURSION = YES;
				CLANG_WARN_INT_CONVERSION = YES;
				CLANG_WARN_NON_LITERAL_NULL_CONVERSION = YES;
				CLANG_WARN_OBJC_IMPLICIT_RETAIN_SELF = YES;
				CLANG_WARN_OBJC_LITERAL_CONVERSION = YES;
				CLANG_WARN_OBJC_ROOT_CLASS = YES_ERROR;
				CLANG_WARN_QUOTED_INCLUDE_IN_FRAMEWORK_HEADER = YES;
				CLANG_WARN_RANGE_LOOP_ANALYSIS = YES;
				CLANG_WARN_STRICT_PROTOTYPES = YES;
				CLANG_WARN_SUSPICIOUS_MOVE = YES;
				CLANG_WARN_UNGUARDED_AVAILABILITY = YES_AGGRESSIVE;
				CLANG_WARN_UNREACHABLE_CODE = YES;
				CLANG_WARN__DUPLICATE_METHOD_MATCH = YES;
				COPY_PHASE_STRIP = NO;
				DEBUG_INFORMATION_FORMAT = "dwarf-with-dsym";
				ENABLE_NS_ASSERTIONS = NO;
				ENABLE_STRICT_OBJC_MSGSEND = YES;
				GCC_C_LANGUAGE_STANDARD = gnu11;
				GCC_NO_COMMON_BLOCKS = YES;
				GCC_WARN_64_TO_32_BIT_CONVERSION = YES;
				GCC_WARN_ABOUT_RETURN_TYPE = YES_ERROR;
				GCC_WARN_UNDECLARED_SELECTOR = YES;
				GCC_WARN_UNINITIALIZED_AUTOS = YES_AGGRESSIVE;
				GCC_WARN_UNUSED_FUNCTION = YES;
				GCC_WARN_UNUSED_VARIABLE = YES;
				IPHONEOS_DEPLOYMENT_TARGET = 16.0;
				MTL_ENABLE_DEBUG_INFO = NO;
				MTL_FAST_MATH = YES;
				SDKROOT = iphoneos;
				SWIFT_COMPILATION_MODE = wholemodule;
				SWIFT_OPTIMIZATION_LEVEL = "-O";
				VALIDATE_PRODUCT = YES;
			};
			name = Release;
		};
		C960C5BA29086DC300AD20E6 /* Debug */ = {
			isa = XCBuildConfiguration;
			buildSettings = {
				ASSETCATALOG_COMPILER_APPICON_NAME = AppIcon;
				ASSETCATALOG_COMPILER_GLOBAL_ACCENT_COLOR_NAME = AccentColor;
				CODE_SIGN_STYLE = Automatic;
				CURRENT_PROJECT_VERSION = 1;
				DEVELOPMENT_TEAM = VUH3GM8HPJ;
				GENERATE_INFOPLIST_FILE = YES;
				INFOPLIST_FILE = Shopee/App/Plists/Info.plist;
				INFOPLIST_KEY_UIApplicationSupportsIndirectInputEvents = YES;
				INFOPLIST_KEY_UILaunchStoryboardName = LaunchScreen;
				INFOPLIST_KEY_UISupportedInterfaceOrientations = UIInterfaceOrientationPortrait;
				INFOPLIST_KEY_UISupportedInterfaceOrientations_iPad = "UIInterfaceOrientationPortrait UIInterfaceOrientationPortraitUpsideDown";
				IPHONEOS_DEPLOYMENT_TARGET = 13.0;
				LD_RUNPATH_SEARCH_PATHS = (
					"$(inherited)",
					"@executable_path/Frameworks",
				);
				MARKETING_VERSION = 1.0;
				PRODUCT_BUNDLE_IDENTIFIER = com.berksu.portfolio.Shopee;
				PRODUCT_NAME = "$(TARGET_NAME)";
				SWIFT_EMIT_LOC_STRINGS = YES;
				SWIFT_VERSION = 5.0;
				TARGETED_DEVICE_FAMILY = "1,2";
			};
			name = Debug;
		};
		C960C5BB29086DC300AD20E6 /* Release */ = {
			isa = XCBuildConfiguration;
			buildSettings = {
				ASSETCATALOG_COMPILER_APPICON_NAME = AppIcon;
				ASSETCATALOG_COMPILER_GLOBAL_ACCENT_COLOR_NAME = AccentColor;
				CODE_SIGN_STYLE = Automatic;
				CURRENT_PROJECT_VERSION = 1;
				DEVELOPMENT_TEAM = VUH3GM8HPJ;
				GENERATE_INFOPLIST_FILE = YES;
				INFOPLIST_FILE = Shopee/App/Plists/Info.plist;
				INFOPLIST_KEY_UIApplicationSupportsIndirectInputEvents = YES;
				INFOPLIST_KEY_UILaunchStoryboardName = LaunchScreen;
				INFOPLIST_KEY_UISupportedInterfaceOrientations = UIInterfaceOrientationPortrait;
				INFOPLIST_KEY_UISupportedInterfaceOrientations_iPad = "UIInterfaceOrientationPortrait UIInterfaceOrientationPortraitUpsideDown";
				IPHONEOS_DEPLOYMENT_TARGET = 12.0;
				LD_RUNPATH_SEARCH_PATHS = (
					"$(inherited)",
					"@executable_path/Frameworks",
				);
				MARKETING_VERSION = 1.0;
				PRODUCT_BUNDLE_IDENTIFIER = com.berksu.portfolio.Shopee;
				PRODUCT_NAME = "$(TARGET_NAME)";
				SWIFT_EMIT_LOC_STRINGS = YES;
				SWIFT_VERSION = 5.0;
				TARGETED_DEVICE_FAMILY = "1,2";
			};
			name = Release;
		};
		C960C5BD29086DC300AD20E6 /* Debug */ = {
			isa = XCBuildConfiguration;
			buildSettings = {
				ALWAYS_EMBED_SWIFT_STANDARD_LIBRARIES = YES;
				BUNDLE_LOADER = "$(TEST_HOST)";
				CODE_SIGN_STYLE = Automatic;
				CURRENT_PROJECT_VERSION = 1;
				DEVELOPMENT_TEAM = VUH3GM8HPJ;
				GENERATE_INFOPLIST_FILE = YES;
				IPHONEOS_DEPLOYMENT_TARGET = 16.0;
				MARKETING_VERSION = 1.0;
				PRODUCT_BUNDLE_IDENTIFIER = com.berksu.portfolio.ShopeeTests;
				PRODUCT_NAME = "$(TARGET_NAME)";
				SWIFT_EMIT_LOC_STRINGS = NO;
				SWIFT_VERSION = 5.0;
				TARGETED_DEVICE_FAMILY = "1,2";
				TEST_HOST = "$(BUILT_PRODUCTS_DIR)/Shopee.app/$(BUNDLE_EXECUTABLE_FOLDER_PATH)/Shopee";
			};
			name = Debug;
		};
		C960C5BE29086DC300AD20E6 /* Release */ = {
			isa = XCBuildConfiguration;
			buildSettings = {
				ALWAYS_EMBED_SWIFT_STANDARD_LIBRARIES = YES;
				BUNDLE_LOADER = "$(TEST_HOST)";
				CODE_SIGN_STYLE = Automatic;
				CURRENT_PROJECT_VERSION = 1;
				DEVELOPMENT_TEAM = VUH3GM8HPJ;
				GENERATE_INFOPLIST_FILE = YES;
				IPHONEOS_DEPLOYMENT_TARGET = 16.0;
				MARKETING_VERSION = 1.0;
				PRODUCT_BUNDLE_IDENTIFIER = com.berksu.portfolio.ShopeeTests;
				PRODUCT_NAME = "$(TARGET_NAME)";
				SWIFT_EMIT_LOC_STRINGS = NO;
				SWIFT_VERSION = 5.0;
				TARGETED_DEVICE_FAMILY = "1,2";
				TEST_HOST = "$(BUILT_PRODUCTS_DIR)/Shopee.app/$(BUNDLE_EXECUTABLE_FOLDER_PATH)/Shopee";
			};
			name = Release;
		};
		C960C5C029086DC300AD20E6 /* Debug */ = {
			isa = XCBuildConfiguration;
			buildSettings = {
				ALWAYS_EMBED_SWIFT_STANDARD_LIBRARIES = YES;
				CODE_SIGN_STYLE = Automatic;
				CURRENT_PROJECT_VERSION = 1;
				DEVELOPMENT_TEAM = VUH3GM8HPJ;
				GENERATE_INFOPLIST_FILE = YES;
				MARKETING_VERSION = 1.0;
				PRODUCT_BUNDLE_IDENTIFIER = com.berksu.portfolio.ShopeeUITests;
				PRODUCT_NAME = "$(TARGET_NAME)";
				SWIFT_EMIT_LOC_STRINGS = NO;
				SWIFT_VERSION = 5.0;
				TARGETED_DEVICE_FAMILY = "1,2";
				TEST_TARGET_NAME = Shopee;
			};
			name = Debug;
		};
		C960C5C129086DC300AD20E6 /* Release */ = {
			isa = XCBuildConfiguration;
			buildSettings = {
				ALWAYS_EMBED_SWIFT_STANDARD_LIBRARIES = YES;
				CODE_SIGN_STYLE = Automatic;
				CURRENT_PROJECT_VERSION = 1;
				DEVELOPMENT_TEAM = VUH3GM8HPJ;
				GENERATE_INFOPLIST_FILE = YES;
				MARKETING_VERSION = 1.0;
				PRODUCT_BUNDLE_IDENTIFIER = com.berksu.portfolio.ShopeeUITests;
				PRODUCT_NAME = "$(TARGET_NAME)";
				SWIFT_EMIT_LOC_STRINGS = NO;
				SWIFT_VERSION = 5.0;
				TARGETED_DEVICE_FAMILY = "1,2";
				TEST_TARGET_NAME = Shopee;
			};
			name = Release;
		};
/* End XCBuildConfiguration section */

/* Begin XCConfigurationList section */
		C960C58A29086DC200AD20E6 /* Build configuration list for PBXProject "Shopee" */ = {
			isa = XCConfigurationList;
			buildConfigurations = (
				C960C5B729086DC300AD20E6 /* Debug */,
				C960C5B829086DC300AD20E6 /* Release */,
			);
			defaultConfigurationIsVisible = 0;
			defaultConfigurationName = Release;
		};
		C960C5B929086DC300AD20E6 /* Build configuration list for PBXNativeTarget "Shopee" */ = {
			isa = XCConfigurationList;
			buildConfigurations = (
				C960C5BA29086DC300AD20E6 /* Debug */,
				C960C5BB29086DC300AD20E6 /* Release */,
			);
			defaultConfigurationIsVisible = 0;
			defaultConfigurationName = Release;
		};
		C960C5BC29086DC300AD20E6 /* Build configuration list for PBXNativeTarget "ShopeeTests" */ = {
			isa = XCConfigurationList;
			buildConfigurations = (
				C960C5BD29086DC300AD20E6 /* Debug */,
				C960C5BE29086DC300AD20E6 /* Release */,
			);
			defaultConfigurationIsVisible = 0;
			defaultConfigurationName = Release;
		};
		C960C5BF29086DC300AD20E6 /* Build configuration list for PBXNativeTarget "ShopeeUITests" */ = {
			isa = XCConfigurationList;
			buildConfigurations = (
				C960C5C029086DC300AD20E6 /* Debug */,
				C960C5C129086DC300AD20E6 /* Release */,
			);
			defaultConfigurationIsVisible = 0;
			defaultConfigurationName = Release;
		};
/* End XCConfigurationList section */

/* Begin XCRemoteSwiftPackageReference section */
		C960C5D729088BF800AD20E6 /* XCRemoteSwiftPackageReference "Moya" */ = {
			isa = XCRemoteSwiftPackageReference;
			repositoryURL = "https://github.com/Moya/Moya";
			requirement = {
				branch = master;
				kind = branch;
			};
		};
		C960C5DD29088C3300AD20E6 /* XCRemoteSwiftPackageReference "SnapKit" */ = {
			isa = XCRemoteSwiftPackageReference;
			repositoryURL = "https://github.com/SnapKit/SnapKit.git";
			requirement = {
				kind = upToNextMajorVersion;
				minimumVersion = 5.0.0;
			};
		};
		C960C5E029088C6100AD20E6 /* XCRemoteSwiftPackageReference "Kingfisher" */ = {
			isa = XCRemoteSwiftPackageReference;
			repositoryURL = "https://github.com/onevcat/Kingfisher.git";
			requirement = {
				kind = upToNextMajorVersion;
				minimumVersion = 7.0.0;
			};
		};
		C960C5E329088C7F00AD20E6 /* XCRemoteSwiftPackageReference "IQKeyboardManager" */ = {
			isa = XCRemoteSwiftPackageReference;
			repositoryURL = "https://github.com/hackiftekhar/IQKeyboardManager.git";
			requirement = {
				branch = master;
				kind = branch;
			};
		};
		C98AB1B72909BF4900BD917A /* XCRemoteSwiftPackageReference "firebase-ios-sdk" */ = {
			isa = XCRemoteSwiftPackageReference;
			repositoryURL = "https://github.com/firebase/firebase-ios-sdk.git";
			requirement = {
				kind = upToNextMajorVersion;
				minimumVersion = 9.0.0;
			};
		};
/* End XCRemoteSwiftPackageReference section */

/* Begin XCSwiftPackageProductDependency section */
		C92887912916F85C00A5F94D /* FirebaseFirestoreSwift */ = {
			isa = XCSwiftPackageProductDependency;
			package = C98AB1B72909BF4900BD917A /* XCRemoteSwiftPackageReference "firebase-ios-sdk" */;
			productName = FirebaseFirestoreSwift;
		};
		C92887932916F88400A5F94D /* FirebaseAuth */ = {
			isa = XCSwiftPackageProductDependency;
			package = C98AB1B72909BF4900BD917A /* XCRemoteSwiftPackageReference "firebase-ios-sdk" */;
			productName = FirebaseAuth;
		};
		C92887952916F88D00A5F94D /* Moya */ = {
			isa = XCSwiftPackageProductDependency;
			package = C960C5D729088BF800AD20E6 /* XCRemoteSwiftPackageReference "Moya" */;
			productName = Moya;
		};
		C960C5D829088BF800AD20E6 /* Moya */ = {
			isa = XCSwiftPackageProductDependency;
			package = C960C5D729088BF800AD20E6 /* XCRemoteSwiftPackageReference "Moya" */;
			productName = Moya;
		};
		C960C5DE29088C3300AD20E6 /* SnapKit */ = {
			isa = XCSwiftPackageProductDependency;
			package = C960C5DD29088C3300AD20E6 /* XCRemoteSwiftPackageReference "SnapKit" */;
			productName = SnapKit;
		};
		C960C5E129088C6100AD20E6 /* Kingfisher */ = {
			isa = XCSwiftPackageProductDependency;
			package = C960C5E029088C6100AD20E6 /* XCRemoteSwiftPackageReference "Kingfisher" */;
			productName = Kingfisher;
		};
		C960C5E429088C7F00AD20E6 /* IQKeyboardManagerSwift */ = {
			isa = XCSwiftPackageProductDependency;
			package = C960C5E329088C7F00AD20E6 /* XCRemoteSwiftPackageReference "IQKeyboardManager" */;
			productName = IQKeyboardManagerSwift;
		};
		C98AB1B82909BF4900BD917A /* FirebaseAuth */ = {
			isa = XCSwiftPackageProductDependency;
			package = C98AB1B72909BF4900BD917A /* XCRemoteSwiftPackageReference "firebase-ios-sdk" */;
			productName = FirebaseAuth;
		};
		C98AB1BA2909BF4900BD917A /* FirebaseFirestoreSwift */ = {
			isa = XCSwiftPackageProductDependency;
			package = C98AB1B72909BF4900BD917A /* XCRemoteSwiftPackageReference "firebase-ios-sdk" */;
			productName = FirebaseFirestoreSwift;
		};
		C9EC01B329180C84004E28DA /* FirebaseStorage */ = {
			isa = XCSwiftPackageProductDependency;
			package = C98AB1B72909BF4900BD917A /* XCRemoteSwiftPackageReference "firebase-ios-sdk" */;
			productName = FirebaseStorage;
		};
/* End XCSwiftPackageProductDependency section */
	};
	rootObject = C960C58729086DC200AD20E6 /* Project object */;
}
